Microsoft Visual Studio Solution File, Format Version 12.00
# Visual Studio 15
VisualStudioVersion = 15.0.28010.2050
MinimumVisualStudioVersion = 10.0.40219.1
Project("{9A19103F-16F7-4668-BE54-9A1E7A4F7556}") = "Garderie", "Garderie.csproj", "{3C2BD194-3BE1-4475-B063-FC0E8EC63513}"
EndProject
Global
	GlobalSection(SolutionConfigurationPlatforms) = preSolution
		Debug|Any CPU = Debug|Any CPU
		Release|Any CPU = Release|Any CPU
	EndGlobalSection
	GlobalSection(ProjectConfigurationPlatforms) = postSolution
		{3C2BD194-3BE1-4475-B063-FC0E8EC63513}.Debug|Any CPU.ActiveCfg = Debug|Any CPU
		{3C2BD194-3BE1-4475-B063-FC0E8EC63513}.Debug|Any CPU.Build.0 = Debug|Any CPU
		{3C2BD194-3BE1-4475-B063-FC0E8EC63513}.Release|Any CPU.ActiveCfg = Release|Any CPU
		{3C2BD194-3BE1-4475-B063-FC0E8EC63513}.Release|Any CPU.Build.0 = Release|Any CPU
	EndGlobalSection
	GlobalSection(SolutionProperties) = preSolution
		HideSolutionNode = FALSE
	EndGlobalSection
	GlobalSection(ExtensibilityGlobals) = postSolution
		SolutionGuid = {B2CF2F19-7402-42F7-BCF1-6EB73B356545}
	EndGlobalSection
EndGlobal
