
Microsoft Visual Studio Solution File, Format Version 12.00
# Visual Studio 15
VisualStudioVersion = 15.0.28307.539
MinimumVisualStudioVersion = 10.0.40219.1
Project("{FAE04EC0-301F-11D3-BF4B-00C04F79EFBC}") = "TravelExpress5", "TravelExpress5\TravelExpress5.csproj", "{8F87A134-AAB5-4991-BA68-D3EFE67A30DC}"
EndProject
Global
	GlobalSection(SolutionConfigurationPlatforms) = preSolution
		Debug|Any CPU = Debug|Any CPU
		Release|Any CPU = Release|Any CPU
	EndGlobalSection
	GlobalSection(ProjectConfigurationPlatforms) = postSolution
		{8F87A134-AAB5-4991-BA68-D3EFE67A30DC}.Debug|Any CPU.ActiveCfg = Debug|Any CPU
		{8F87A134-AAB5-4991-BA68-D3EFE67A30DC}.Debug|Any CPU.Build.0 = Debug|Any CPU
		{8F87A134-AAB5-4991-BA68-D3EFE67A30DC}.Release|Any CPU.ActiveCfg = Release|Any CPU
		{8F87A134-AAB5-4991-BA68-D3EFE67A30DC}.Release|Any CPU.Build.0 = Release|Any CPU
	EndGlobalSection
	GlobalSection(SolutionProperties) = preSolution
		HideSolutionNode = FALSE
	EndGlobalSection
	GlobalSection(ExtensibilityGlobals) = postSolution
		SolutionGuid = {C4E1CF67-2914-4F6B-9143-2D16BBAD9DAE}
	EndGlobalSection
EndGlobal
